PODS:
  - Flutter (1.0.0)
  - start_printer (0.0.1):
    - Flutter

DEPENDENCIES:
  - Flutter (from `Flutter`)
  - start_printer (from `.symlinks/plugins/start_printer/ios`)

EXTERNAL SOURCES:
  Flutter:
    :path: Flutter
  start_printer:
    :path: ".symlinks/plugins/start_printer/ios"

SPEC CHECKSUMS:
  Flutter: e0871f40cf51350855a761d2e70bf5af5b9b5de7
  start_printer: 6b62b5d9cea6bb1bbc9988f1669c0bd44f5491b0

PODFILE CHECKSUM: 7be2f5f74864d463a8ad433546ed1de7e0f29aef

COCOAPODS: 1.16.2
