PODS:
  - Flutter (1.0.0)
  - integration_test (0.0.1):
    - Flutter
  - start_printer (0.0.1):
    - Flutter

DEPENDENCIES:
  - Flutter (from `Flutter`)
  - integration_test (from `.symlinks/plugins/integration_test/ios`)
  - start_printer (from `.symlinks/plugins/start_printer/ios`)

EXTERNAL SOURCES:
  Flutter:
    :path: Flutter
  integration_test:
    :path: ".symlinks/plugins/integration_test/ios"
  start_printer:
    :path: ".symlinks/plugins/start_printer/ios"

SPEC CHECKSUMS:
  Flutter: e0871f40cf51350855a761d2e70bf5af5b9b5de7
  integration_test: 252f60fa39af5e17c3aa9899d35d908a0721b573
  start_printer: 2d85193be11786d0c6118dafcbd83a6d03c960aa

PODFILE CHECKSUM: 7be2f5f74864d463a8ad433546ed1de7e0f29aef

COCOAPODS: 1.16.2
